{
  "name": "spsxriskv2",
  "version": "1.0.0",
  "lockfileVersion": 1,
  "requires": true,
  "dependencies": {
    "lodash": {
      "version": "3.10.1",
      "resolved": "https://registry.npmjs.org/lodash/-/lodash-3.10.1.tgz",
      "integrity": "sha1-W/Rejkm6QYnhfUgnid/RW9FAt7Y="
    },
    "v4": {
      "version": "0.0.1",
      "resolved": "https://registry.npmjs.org/v4/-/v4-0.0.1.tgz",
      "integrity": "sha1-0pH2zJcbayJrQTzG49Lsd6dg1Bs=",
      "requires": {
        "lodash": "^3.10.0"
      }
    }
  }
}
